
Microsoft Visual Studio Solution File, Format Version 12.00
# Visual Studio 15
VisualStudioVersion = 15.0.26730.8
MinimumVisualStudioVersion = 10.0.40219.1
Project("{FAE04EC0-301F-11D3-BF4B-00C04F79EFBC}") = "CommandLoop", "CommandLoop\CommandLoop.csproj", "{EF9B53F2-B84B-4434-988C-BB908F5792E1}"
EndProject
Global
	GlobalSection(SolutionConfigurationPlatforms) = preSolution
		Debug|Any CPU = Debug|Any CPU
		Release|Any CPU = Release|Any CPU
	EndGlobalSection
	GlobalSection(ProjectConfigurationPlatforms) = postSolution
		{EF9B53F2-B84B-4434-988C-BB908F5792E1}.Debug|Any CPU.ActiveCfg = Debug|Any CPU
		{EF9B53F2-B84B-4434-988C-BB908F5792E1}.Debug|Any CPU.Build.0 = Debug|Any CPU
		{EF9B53F2-B84B-4434-988C-BB908F5792E1}.Release|Any CPU.ActiveCfg = Release|Any CPU
		{EF9B53F2-B84B-4434-988C-BB908F5792E1}.Release|Any CPU.Build.0 = Release|Any CPU
	EndGlobalSection
	GlobalSection(SolutionProperties) = preSolution
		HideSolutionNode = FALSE
	EndGlobalSection
	GlobalSection(ExtensibilityGlobals) = postSolution
		SolutionGuid = {14659DDB-8B60-423B-806C-F8C1E1ADDE79}
	EndGlobalSection
EndGlobal
